
Microsoft Visual Studio Solution File, Format Version 12.00
# Visual Studio Version 16
VisualStudioVersion = 16.0.32630.194
MinimumVisualStudioVersion = 10.0.40219.1
Project("{FAE04EC0-301F-11D3-BF4B-00C04F79EFBC}") = "semana 4 proyecto de juego de parejas-henry sanchez", "semana 4 proyecto de juego de parejas-henry sanchez.csproj", "{3CBC0368-17EC-465F-90D8-F0AC5FCFDE3E}"
EndProject
Global
	GlobalSection(SolutionConfigurationPlatforms) = preSolution
		Debug|Any CPU = Debug|Any CPU
		Release|Any CPU = Release|Any CPU
	EndGlobalSection
	GlobalSection(ProjectConfigurationPlatforms) = postSolution
		{3CBC0368-17EC-465F-90D8-F0AC5FCFDE3E}.Debug|Any CPU.ActiveCfg = Debug|Any CPU
		{3CBC0368-17EC-465F-90D8-F0AC5FCFDE3E}.Debug|Any CPU.Build.0 = Debug|Any CPU
		{3CBC0368-17EC-465F-90D8-F0AC5FCFDE3E}.Release|Any CPU.ActiveCfg = Release|Any CPU
		{3CBC0368-17EC-465F-90D8-F0AC5FCFDE3E}.Release|Any CPU.Build.0 = Release|Any CPU
	EndGlobalSection
	GlobalSection(SolutionProperties) = preSolution
		HideSolutionNode = FALSE
	EndGlobalSection
	GlobalSection(ExtensibilityGlobals) = postSolution
		SolutionGuid = {66A1D3AC-F3CF-4BF1-925D-85140E4D71F2}
	EndGlobalSection
EndGlobal
